// !$*UTF8*$!
{
	archiveVersion = 1;
	classes = {
	};
	objectVersion = 46;
	objects = {

/* Begin PBXBuildFile section */
		9E2320301EA1B1130030ADC0 /* integer.cpp in Sources */ = {isa = PBXBuildFile; fileRef = 9E23202F1EA1B1130030ADC0 /* integer.cpp */; };
		9E2320321EA1B82F0030ADC0 /* floats.cpp in Sources */ = {isa = PBXBuildFile; fileRef = 9E2320311EA1B82F0030ADC0 /* floats.cpp */; };
		9E2320341EA1D0A00030ADC0 /* boolean.cpp in Sources */ = {isa = PBXBuildFile; fileRef = 9E2320331EA1D0A00030ADC0 /* boolean.cpp */; };
		9E2320361EA1D84D0030ADC0 /* if_and_condition.cpp in Sources */ = {isa = PBXBuildFile; fileRef = 9E2320351EA1D84D0030ADC0 /* if_and_condition.cpp */; };
		9E23203A1EA1F5FD0030ADC0 /* while_loop.cpp in Sources */ = {isa = PBXBuildFile; fileRef = 9E2320391EA1F5FD0030ADC0 /* while_loop.cpp */; };
		9E2FB95F1E9F5E5D00CC2103 /* main.cpp in Sources */ = {isa = PBXBuildFile; fileRef = 9E2FB95E1E9F5E5D00CC2103 /* main.cpp */; };
		9E58279A1EAC5C4A0089BB99 /* character_array.cpp in Sources */ = {isa = PBXBuildFile; fileRef = 9E5827991EAC5C4A0089BB99 /* character_array.cpp */; };
		9E58279C1EAC61660089BB99 /* reference_values.cpp in Sources */ = {isa = PBXBuildFile; fileRef = 9E58279B1EAC61660089BB99 /* reference_values.cpp */; };
		9E5E61E51EA22DE700D67592 /* for_loop.cpp in Sources */ = {isa = PBXBuildFile; fileRef = 9E5E61E41EA22DE700D67592 /* for_loop.cpp */; };
		9E5E61E71EA2B3F100D67592 /* arrays.cpp in Sources */ = {isa = PBXBuildFile; fileRef = 9E5E61E61EA2B3F100D67592 /* arrays.cpp */; };
		9E5E61EA1EA35FF800D67592 /* function_header.cpp in Sources */ = {isa = PBXBuildFile; fileRef = 9E5E61E91EA35FF800D67592 /* function_header.cpp */; };
		9E5E61EF1EA4081800D67592 /* Cat.cpp in Sources */ = {isa = PBXBuildFile; fileRef = 9E5E61EE1EA4081800D67592 /* Cat.cpp */; };
		9E5E61F11EA40B2900D67592 /* cpp_classes.cpp in Sources */ = {isa = PBXBuildFile; fileRef = 9E5E61F01EA40B2900D67592 /* cpp_classes.cpp */; };
		9E7B9AF11EAB55EA00992A67 /* pointers_arrays.cpp in Sources */ = {isa = PBXBuildFile; fileRef = 9E7B9AF01EAB55EA00992A67 /* pointers_arrays.cpp */; };
		9E81FFCC1E9F75E300A72D1E /* io.cpp in Sources */ = {isa = PBXBuildFile; fileRef = 9E81FFCB1E9F75E300A72D1E /* io.cpp */; };
		9E81FFCE1E9F767F00A72D1E /* chatbot.cpp in Sources */ = {isa = PBXBuildFile; fileRef = 9E81FFCD1E9F767F00A72D1E /* chatbot.cpp */; };
		9E81FFD01E9F7FD200A72D1E /* numbers.cpp in Sources */ = {isa = PBXBuildFile; fileRef = 9E81FFCF1E9F7FD200A72D1E /* numbers.cpp */; };
		9E8841DF1EA0D59F009CA8C8 /* character.cpp in Sources */ = {isa = PBXBuildFile; fileRef = 9E8841DE1EA0D59F009CA8C8 /* character.cpp */; };
		9E8841E11EA0D8FF009CA8C8 /* switch.cpp in Sources */ = {isa = PBXBuildFile; fileRef = 9E8841E01EA0D8FF009CA8C8 /* switch.cpp */; };
		9E8841E31EA0DD12009CA8C8 /* random.cpp in Sources */ = {isa = PBXBuildFile; fileRef = 9E8841E21EA0DD12009CA8C8 /* random.cpp */; };
/* End PBXBuildFile section */

/* Begin PBXCopyFilesBuildPhase section */
		9E2FB9591E9F5E5C00CC2103 /* CopyFiles */ = {
			isa = PBXCopyFilesBuildPhase;
			buildActionMask = 2147483647;
			dstPath = /usr/share/man/man1/;
			dstSubfolderSpec = 0;
			files = (
			);
			runOnlyForDeploymentPostprocessing = 1;
		};
/* End PBXCopyFilesBuildPhase section */

/* Begin PBXFileReference section */
		9E23202F1EA1B1130030ADC0 /* integer.cpp */ = {isa = PBXFileReference; fileEncoding = 4; lastKnownFileType = sourcecode.cpp.cpp; path = integer.cpp; sourceTree = "<group>"; };
		9E2320311EA1B82F0030ADC0 /* floats.cpp */ = {isa = PBXFileReference; fileEncoding = 4; lastKnownFileType = sourcecode.cpp.cpp; path = floats.cpp; sourceTree = "<group>"; };
		9E2320331EA1D0A00030ADC0 /* boolean.cpp */ = {isa = PBXFileReference; fileEncoding = 4; lastKnownFileType = sourcecode.cpp.cpp; path = boolean.cpp; sourceTree = "<group>"; };
		9E2320351EA1D84D0030ADC0 /* if_and_condition.cpp */ = {isa = PBXFileReference; fileEncoding = 4; lastKnownFileType = sourcecode.cpp.cpp; path = if_and_condition.cpp; sourceTree = "<group>"; };
		9E2320391EA1F5FD0030ADC0 /* while_loop.cpp */ = {isa = PBXFileReference; fileEncoding = 4; lastKnownFileType = sourcecode.cpp.cpp; path = while_loop.cpp; sourceTree = "<group>"; };
		9E2FB95B1E9F5E5D00CC2103 /* helloWorld */ = {isa = PBXFileReference; explicitFileType = "compiled.mach-o.executable"; includeInIndex = 0; path = helloWorld; sourceTree = BUILT_PRODUCTS_DIR; };
		9E2FB95E1E9F5E5D00CC2103 /* main.cpp */ = {isa = PBXFileReference; lastKnownFileType = sourcecode.cpp.cpp; path = main.cpp; sourceTree = "<group>"; };
		9E5827991EAC5C4A0089BB99 /* character_array.cpp */ = {isa = PBXFileReference; fileEncoding = 4; lastKnownFileType = sourcecode.cpp.cpp; path = character_array.cpp; sourceTree = "<group>"; };
		9E58279B1EAC61660089BB99 /* reference_values.cpp */ = {isa = PBXFileReference; fileEncoding = 4; lastKnownFileType = sourcecode.cpp.cpp; path = reference_values.cpp; sourceTree = "<group>"; };
		9E5E61E41EA22DE700D67592 /* for_loop.cpp */ = {isa = PBXFileReference; fileEncoding = 4; lastKnownFileType = sourcecode.cpp.cpp; path = for_loop.cpp; sourceTree = "<group>"; };
		9E5E61E61EA2B3F100D67592 /* arrays.cpp */ = {isa = PBXFileReference; fileEncoding = 4; lastKnownFileType = sourcecode.cpp.cpp; path = arrays.cpp; sourceTree = "<group>"; };
		9E5E61E81EA35EB900D67592 /* util.h */ = {isa = PBXFileReference; lastKnownFileType = sourcecode.c.h; path = util.h; sourceTree = "<group>"; };
		9E5E61E91EA35FF800D67592 /* function_header.cpp */ = {isa = PBXFileReference; fileEncoding = 4; lastKnownFileType = sourcecode.cpp.cpp; path = function_header.cpp; sourceTree = "<group>"; };
		9E5E61EC1EA4079200D67592 /* Cat.h */ = {isa = PBXFileReference; lastKnownFileType = sourcecode.c.h; path = Cat.h; sourceTree = "<group>"; };
		9E5E61EE1EA4081800D67592 /* Cat.cpp */ = {isa = PBXFileReference; fileEncoding = 4; lastKnownFileType = sourcecode.cpp.cpp; path = Cat.cpp; sourceTree = "<group>"; };
		9E5E61F01EA40B2900D67592 /* cpp_classes.cpp */ = {isa = PBXFileReference; fileEncoding = 4; lastKnownFileType = sourcecode.cpp.cpp; path = cpp_classes.cpp; sourceTree = "<group>"; };
		9E7B9AF01EAB55EA00992A67 /* pointers_arrays.cpp */ = {isa = PBXFileReference; fileEncoding = 4; lastKnownFileType = sourcecode.cpp.cpp; path = pointers_arrays.cpp; sourceTree = "<group>"; };
		9E81FFCB1E9F75E300A72D1E /* io.cpp */ = {isa = PBXFileReference; fileEncoding = 4; lastKnownFileType = sourcecode.cpp.cpp; path = io.cpp; sourceTree = "<group>"; };
		9E81FFCD1E9F767F00A72D1E /* chatbot.cpp */ = {isa = PBXFileReference; fileEncoding = 4; lastKnownFileType = sourcecode.cpp.cpp; path = chatbot.cpp; sourceTree = "<group>"; };
		9E81FFCF1E9F7FD200A72D1E /* numbers.cpp */ = {isa = PBXFileReference; fileEncoding = 4; lastKnownFileType = sourcecode.cpp.cpp; path = numbers.cpp; sourceTree = "<group>"; };
		9E8841DE1EA0D59F009CA8C8 /* character.cpp */ = {isa = PBXFileReference; fileEncoding = 4; lastKnownFileType = sourcecode.cpp.cpp; path = character.cpp; sourceTree = "<group>"; };
		9E8841E01EA0D8FF009CA8C8 /* switch.cpp */ = {isa = PBXFileReference; fileEncoding = 4; lastKnownFileType = sourcecode.cpp.cpp; path = switch.cpp; sourceTree = "<group>"; };
		9E8841E21EA0DD12009CA8C8 /* random.cpp */ = {isa = PBXFileReference; fileEncoding = 4; lastKnownFileType = sourcecode.cpp.cpp; path = random.cpp; sourceTree = "<group>"; };
/* End PBXFileReference section */

/* Begin PBXFrameworksBuildPhase section */
		9E2FB9581E9F5E5C00CC2103 /* Frameworks */ = {
			isa = PBXFrameworksBuildPhase;
			buildActionMask = 2147483647;
			files = (
			);
			runOnlyForDeploymentPostprocessing = 0;
		};
/* End PBXFrameworksBuildPhase section */

/* Begin PBXGroup section */
		9E2FB9521E9F5E5C00CC2103 = {
			isa = PBXGroup;
			children = (
				9E2FB95D1E9F5E5D00CC2103 /* helloWorld */,
				9E2FB95C1E9F5E5D00CC2103 /* Products */,
			);
			sourceTree = "<group>";
		};
		9E2FB95C1E9F5E5D00CC2103 /* Products */ = {
			isa = PBXGroup;
			children = (
				9E2FB95B1E9F5E5D00CC2103 /* helloWorld */,
			);
			name = Products;
			sourceTree = "<group>";
		};
		9E2FB95D1E9F5E5D00CC2103 /* helloWorld */ = {
			isa = PBXGroup;
			children = (
				9E2FB95E1E9F5E5D00CC2103 /* main.cpp */,
				9E81FFCB1E9F75E300A72D1E /* io.cpp */,
				9E81FFCD1E9F767F00A72D1E /* chatbot.cpp */,
				9E81FFCF1E9F7FD200A72D1E /* numbers.cpp */,
				9E8841DE1EA0D59F009CA8C8 /* character.cpp */,
				9E8841E01EA0D8FF009CA8C8 /* switch.cpp */,
				9E8841E21EA0DD12009CA8C8 /* random.cpp */,
				9E23202F1EA1B1130030ADC0 /* integer.cpp */,
				9E2320311EA1B82F0030ADC0 /* floats.cpp */,
				9E2320331EA1D0A00030ADC0 /* boolean.cpp */,
				9E2320351EA1D84D0030ADC0 /* if_and_condition.cpp */,
				9E2320391EA1F5FD0030ADC0 /* while_loop.cpp */,
				9E5E61E41EA22DE700D67592 /* for_loop.cpp */,
				9E5E61E61EA2B3F100D67592 /* arrays.cpp */,
				9E5E61E91EA35FF800D67592 /* function_header.cpp */,
				9E5E61F01EA40B2900D67592 /* cpp_classes.cpp */,
				9E7B9AF01EAB55EA00992A67 /* pointers_arrays.cpp */,
				9E5827991EAC5C4A0089BB99 /* character_array.cpp */,
				9E5E61ED1EA4080100D67592 /* classes */,
				9E5E61EB1EA406F000D67592 /* src */,
				9E58279B1EAC61660089BB99 /* reference_values.cpp */,
			);
			path = helloWorld;
			sourceTree = "<group>";
		};
		9E5E61EB1EA406F000D67592 /* src */ = {
			isa = PBXGroup;
			children = (
				9E5E61E81EA35EB900D67592 /* util.h */,
				9E5E61EC1EA4079200D67592 /* Cat.h */,
			);
			name = src;
			sourceTree = "<group>";
		};
		9E5E61ED1EA4080100D67592 /* classes */ = {
			isa = PBXGroup;
			children = (
				9E5E61EE1EA4081800D67592 /* Cat.cpp */,
			);
			name = classes;
			sourceTree = "<group>";
		};
/* End PBXGroup section */

/* Begin PBXNativeTarget section */
		9E2FB95A1E9F5E5C00CC2103 /* helloWorld */ = {
			isa = PBXNativeTarget;
			buildConfigurationList = 9E2FB9621E9F5E5D00CC2103 /* Build configuration list for PBXNativeTarget "helloWorld" */;
			buildPhases = (
				9E2FB9571E9F5E5C00CC2103 /* Sources */,
				9E2FB9581E9F5E5C00CC2103 /* Frameworks */,
				9E2FB9591E9F5E5C00CC2103 /* CopyFiles */,
			);
			buildRules = (
			);
			dependencies = (
			);
			name = helloWorld;
			productName = helloWorld;
			productReference = 9E2FB95B1E9F5E5D00CC2103 /* helloWorld */;
			productType = "com.apple.product-type.tool";
		};
/* End PBXNativeTarget section */

/* Begin PBXProject section */
		9E2FB9531E9F5E5C00CC2103 /* Project object */ = {
			isa = PBXProject;
			attributes = {
				LastUpgradeCheck = 0820;
				ORGANIZATIONNAME = "Sascha Luna";
				TargetAttributes = {
					9E2FB95A1E9F5E5C00CC2103 = {
						CreatedOnToolsVersion = 8.2;
						DevelopmentTeam = 8KU532725H;
						ProvisioningStyle = Automatic;
					};
				};
			};
			buildConfigurationList = 9E2FB9561E9F5E5C00CC2103 /* Build configuration list for PBXProject "helloWorld" */;
			compatibilityVersion = "Xcode 3.2";
			developmentRegion = English;
			hasScannedForEncodings = 0;
			knownRegions = (
				en,
			);
			mainGroup = 9E2FB9521E9F5E5C00CC2103;
			productRefGroup = 9E2FB95C1E9F5E5D00CC2103 /* Products */;
			projectDirPath = "";
			projectRoot = "";
			targets = (
				9E2FB95A1E9F5E5C00CC2103 /* helloWorld */,
			);
		};
/* End PBXProject section */

/* Begin PBXSourcesBuildPhase section */
		9E2FB9571E9F5E5C00CC2103 /* Sources */ = {
			isa = PBXSourcesBuildPhase;
			buildActionMask = 2147483647;
			files = (
				9E5E61EF1EA4081800D67592 /* Cat.cpp in Sources */,
				9E81FFD01E9F7FD200A72D1E /* numbers.cpp in Sources */,
				9E5E61E71EA2B3F100D67592 /* arrays.cpp in Sources */,
				9E2320361EA1D84D0030ADC0 /* if_and_condition.cpp in Sources */,
				9E8841E11EA0D8FF009CA8C8 /* switch.cpp in Sources */,
				9E58279A1EAC5C4A0089BB99 /* character_array.cpp in Sources */,
				9E5E61F11EA40B2900D67592 /* cpp_classes.cpp in Sources */,
				9E58279C1EAC61660089BB99 /* reference_values.cpp in Sources */,
				9E81FFCE1E9F767F00A72D1E /* chatbot.cpp in Sources */,
				9E2320321EA1B82F0030ADC0 /* floats.cpp in Sources */,
				9E23203A1EA1F5FD0030ADC0 /* while_loop.cpp in Sources */,
				9E81FFCC1E9F75E300A72D1E /* io.cpp in Sources */,
				9E2320301EA1B1130030ADC0 /* integer.cpp in Sources */,
				9E5E61EA1EA35FF800D67592 /* function_header.cpp in Sources */,
				9E8841E31EA0DD12009CA8C8 /* random.cpp in Sources */,
				9E2320341EA1D0A00030ADC0 /* boolean.cpp in Sources */,
				9E2FB95F1E9F5E5D00CC2103 /* main.cpp in Sources */,
				9E5E61E51EA22DE700D67592 /* for_loop.cpp in Sources */,
				9E8841DF1EA0D59F009CA8C8 /* character.cpp in Sources */,
				9E7B9AF11EAB55EA00992A67 /* pointers_arrays.cpp in Sources */,
			);
			runOnlyForDeploymentPostprocessing = 0;
		};
/* End PBXSourcesBuildPhase section */

/* Begin XCBuildConfiguration section */
		9E2FB9601E9F5E5D00CC2103 /* Debug */ = {
			isa = XCBuildConfiguration;
			buildSettings = {
				ALWAYS_SEARCH_USER_PATHS = NO;
				CLANG_ANALYZER_NONNULL = YES;
				CLANG_CXX_LANGUAGE_STANDARD = "gnu++0x";
				CLANG_CXX_LIBRARY = "libc++";
				CLANG_ENABLE_MODULES = YES;
				CLANG_ENABLE_OBJC_ARC = YES;
				CLANG_WARN_BOOL_CONVERSION = YES;
				CLANG_WARN_CONSTANT_CONVERSION = YES;
				CLANG_WARN_DIRECT_OBJC_ISA_USAGE = YES_ERROR;
				CLANG_WARN_DOCUMENTATION_COMMENTS = YES;
				CLANG_WARN_EMPTY_BODY = YES;
				CLANG_WARN_ENUM_CONVERSION = YES;
				CLANG_WARN_INFINITE_RECURSION = YES;
				CLANG_WARN_INT_CONVERSION = YES;
				CLANG_WARN_OBJC_ROOT_CLASS = YES_ERROR;
				CLANG_WARN_SUSPICIOUS_MOVE = YES;
				CLANG_WARN_UNREACHABLE_CODE = YES;
				CLANG_WARN__DUPLICATE_METHOD_MATCH = YES;
				CODE_SIGN_IDENTITY = "-";
				COPY_PHASE_STRIP = NO;
				DEBUG_INFORMATION_FORMAT = dwarf;
				ENABLE_STRICT_OBJC_MSGSEND = YES;
				ENABLE_TESTABILITY = YES;
				GCC_C_LANGUAGE_STANDARD = gnu99;
				GCC_DYNAMIC_NO_PIC = NO;
				GCC_NO_COMMON_BLOCKS = YES;
				GCC_OPTIMIZATION_LEVEL = 0;
				GCC_PREPROCESSOR_DEFINITIONS = (
					"DEBUG=1",
					"$(inherited)",
				);
				GCC_WARN_64_TO_32_BIT_CONVERSION = YES;
				GCC_WARN_ABOUT_RETURN_TYPE = YES_ERROR;
				GCC_WARN_UNDECLARED_SELECTOR = YES;
				GCC_WARN_UNINITIALIZED_AUTOS = YES_AGGRESSIVE;
				GCC_WARN_UNUSED_FUNCTION = YES;
				GCC_WARN_UNUSED_VARIABLE = YES;
				MACOSX_DEPLOYMENT_TARGET = 10.12;
				MTL_ENABLE_DEBUG_INFO = YES;
				ONLY_ACTIVE_ARCH = YES;
				SDKROOT = macosx;
			};
			name = Debug;
		};
		9E2FB9611E9F5E5D00CC2103 /* Release */ = {
			isa = XCBuildConfiguration;
			buildSettings = {
				ALWAYS_SEARCH_USER_PATHS = NO;
				CLANG_ANALYZER_NONNULL = YES;
				CLANG_CXX_LANGUAGE_STANDARD = "gnu++0x";
				CLANG_CXX_LIBRARY = "libc++";
				CLANG_ENABLE_MODULES = YES;
				CLANG_ENABLE_OBJC_ARC = YES;
				CLANG_WARN_BOOL_CONVERSION = YES;
				CLANG_WARN_CONSTANT_CONVERSION = YES;
				CLANG_WARN_DIRECT_OBJC_ISA_USAGE = YES_ERROR;
				CLANG_WARN_DOCUMENTATION_COMMENTS = YES;
				CLANG_WARN_EMPTY_BODY = YES;
				CLANG_WARN_ENUM_CONVERSION = YES;
				CLANG_WARN_INFINITE_RECURSION = YES;
				CLANG_WARN_INT_CONVERSION = YES;
				CLANG_WARN_OBJC_ROOT_CLASS = YES_ERROR;
				CLANG_WARN_SUSPICIOUS_MOVE = YES;
				CLANG_WARN_UNREACHABLE_CODE = YES;
				CLANG_WARN__DUPLICATE_METHOD_MATCH = YES;
				CODE_SIGN_IDENTITY = "-";
				COPY_PHASE_STRIP = NO;
				DEBUG_INFORMATION_FORMAT = "dwarf-with-dsym";
				ENABLE_NS_ASSERTIONS = NO;
				ENABLE_STRICT_OBJC_MSGSEND = YES;
				GCC_C_LANGUAGE_STANDARD = gnu99;
				GCC_NO_COMMON_BLOCKS = YES;
				GCC_WARN_64_TO_32_BIT_CONVERSION = YES;
				GCC_WARN_ABOUT_RETURN_TYPE = YES_ERROR;
				GCC_WARN_UNDECLARED_SELECTOR = YES;
				GCC_WARN_UNINITIALIZED_AUTOS = YES_AGGRESSIVE;
				GCC_WARN_UNUSED_FUNCTION = YES;
				GCC_WARN_UNUSED_VARIABLE = YES;
				MACOSX_DEPLOYMENT_TARGET = 10.12;
				MTL_ENABLE_DEBUG_INFO = NO;
				SDKROOT = macosx;
			};
			name = Release;
		};
		9E2FB9631E9F5E5D00CC2103 /* Debug */ = {
			isa = XCBuildConfiguration;
			buildSettings = {
				DEVELOPMENT_TEAM = 8KU532725H;
				PRODUCT_NAME = "$(TARGET_NAME)";
			};
			name = Debug;
		};
		9E2FB9641E9F5E5D00CC2103 /* Release */ = {
			isa = XCBuildConfiguration;
			buildSettings = {
				DEVELOPMENT_TEAM = 8KU532725H;
				PRODUCT_NAME = "$(TARGET_NAME)";
			};
			name = Release;
		};
/* End XCBuildConfiguration section */

/* Begin XCConfigurationList section */
		9E2FB9561E9F5E5C00CC2103 /* Build configuration list for PBXProject "helloWorld" */ = {
			isa = XCConfigurationList;
			buildConfigurations = (
				9E2FB9601E9F5E5D00CC2103 /* Debug */,
				9E2FB9611E9F5E5D00CC2103 /* Release */,
			);
			defaultConfigurationIsVisible = 0;
			defaultConfigurationName = Release;
		};
		9E2FB9621E9F5E5D00CC2103 /* Build configuration list for PBXNativeTarget "helloWorld" */ = {
			isa = XCConfigurationList;
			buildConfigurations = (
				9E2FB9631E9F5E5D00CC2103 /* Debug */,
				9E2FB9641E9F5E5D00CC2103 /* Release */,
			);
			defaultConfigurationIsVisible = 0;
			defaultConfigurationName = Release;
		};
/* End XCConfigurationList section */
	};
	rootObject = 9E2FB9531E9F5E5C00CC2103 /* Project object */;
}
